
Microsoft Visual Studio Solution File, Format Version 12.00
# Visual Studio Version 17
VisualStudioVersion = 17.6.33829.357
MinimumVisualStudioVersion = 10.0.40219.1
Project("{FAE04EC0-301F-11D3-BF4B-00C04F79EFBC}") = "HelloWorldCoreMVC", "HelloWorldCoreMVC.csproj", "{C1C669D5-386B-44C4-BE9F-8FB928C18209}"
EndProject
Global
	GlobalSection(SolutionConfigurationPlatforms) = preSolution
		Debug|Any CPU = Debug|Any CPU
		Release|Any CPU = Release|Any CPU
	EndGlobalSection
	GlobalSection(ProjectConfigurationPlatforms) = postSolution
		{C1C669D5-386B-44C4-BE9F-8FB928C18209}.Debug|Any CPU.ActiveCfg = Debug|Any CPU
		{C1C669D5-386B-44C4-BE9F-8FB928C18209}.Debug|Any CPU.Build.0 = Debug|Any CPU
		{C1C669D5-386B-44C4-BE9F-8FB928C18209}.Release|Any CPU.ActiveCfg = Release|Any CPU
		{C1C669D5-386B-44C4-BE9F-8FB928C18209}.Release|Any CPU.Build.0 = Release|Any CPU
	EndGlobalSection
	GlobalSection(SolutionProperties) = preSolution
		HideSolutionNode = FALSE
	EndGlobalSection
	GlobalSection(ExtensibilityGlobals) = postSolution
		SolutionGuid = {28A42B4B-94C2-4E96-ABDD-745A63EE1DB6}
	EndGlobalSection
EndGlobal
